
Microsoft Visual Studio Solution File, Format Version 12.00
# Visual Studio Version 16
VisualStudioVersion = 16.0.31402.337
MinimumVisualStudioVersion = 10.0.40219.1
Project("{FAE04EC0-301F-11D3-BF4B-00C04F79EFBC}") = "CurrencyConv", "CurrencyConv.csproj", "{27E9D57E-085C-41E3-B97A-979E0246C3A7}"
EndProject
Global
	GlobalSection(SolutionConfigurationPlatforms) = preSolution
		Debug|Any CPU = Debug|Any CPU
		Release|Any CPU = Release|Any CPU
	EndGlobalSection
	GlobalSection(ProjectConfigurationPlatforms) = postSolution
		{27E9D57E-085C-41E3-B97A-979E0246C3A7}.Debug|Any CPU.ActiveCfg = Debug|Any CPU
		{27E9D57E-085C-41E3-B97A-979E0246C3A7}.Debug|Any CPU.Build.0 = Debug|Any CPU
		{27E9D57E-085C-41E3-B97A-979E0246C3A7}.Release|Any CPU.ActiveCfg = Release|Any CPU
		{27E9D57E-085C-41E3-B97A-979E0246C3A7}.Release|Any CPU.Build.0 = Release|Any CPU
	EndGlobalSection
	GlobalSection(SolutionProperties) = preSolution
		HideSolutionNode = FALSE
	EndGlobalSection
	GlobalSection(ExtensibilityGlobals) = postSolution
		SolutionGuid = {05292387-B0FC-4A02-8969-5BA1523D6BA8}
	EndGlobalSection
EndGlobal
